
Microsoft Visual Studio Solution File, Format Version 11.00
# Visual C++ Express 2010
Project("{8BC9CEB8-8B4A-11D0-8D11-00A0C91BC942}") = "practice_3", "practice_3\practice_3.vcxproj", "{748C4930-9BD0-409C-9C53-AA7BEEAE6C6D}"
EndProject
Global
	GlobalSection(SolutionConfigurationPlatforms) = preSolution
		Debug|Win32 = Debug|Win32
		Release|Win32 = Release|Win32
	EndGlobalSection
	GlobalSection(ProjectConfigurationPlatforms) = postSolution
		{748C4930-9BD0-409C-9C53-AA7BEEAE6C6D}.Debug|Win32.ActiveCfg = Debug|Win32
		{748C4930-9BD0-409C-9C53-AA7BEEAE6C6D}.Debug|Win32.Build.0 = Debug|Win32
		{748C4930-9BD0-409C-9C53-AA7BEEAE6C6D}.Release|Win32.ActiveCfg = Release|Win32
		{748C4930-9BD0-409C-9C53-AA7BEEAE6C6D}.Release|Win32.Build.0 = Release|Win32
	EndGlobalSection
	GlobalSection(SolutionProperties) = preSolution
		HideSolutionNode = FALSE
	EndGlobalSection
EndGlobal
