
Microsoft Visual Studio Solution File, Format Version 12.00
# Visual Studio Version 17
VisualStudioVersion = 17.8.34330.188
MinimumVisualStudioVersion = 10.0.40219.1
Project("{8BC9CEB8-8B4A-11D0-8D11-00A0C91BC942}") = "practice02-1[참조자 기반의 call_by_reference 구현]", "parctice02-1[참조자 기반의 call_by_reference 구현]\parctice02-1[참조자 기반의 call_by_reference 구현].vcxproj", "{C3683326-8276-4DF9-AFBD-451ED00A71A8}"
EndProject
Project("{8BC9CEB8-8B4A-11D0-8D11-00A0C91BC942}") = "practice02-2[const 포인터와 const 참조자]", "practice02-2[const 포인터와 const 참조자]\practice02-2[const 포인터와 const 참조자].vcxproj", "{F8ED261C-97EA-4151-966C-34F5A8EF3467}"
EndProject
Project("{8BC9CEB8-8B4A-11D0-8D11-00A0C91BC942}") = "practice02-3[구조체에 대한 new & delete 연산]", "practice02-3[구조체에 대한 new & delete 연산]\practice02-3[구조체에 대한 new & delete 연산].vcxproj", "{4DD90CDA-DD40-4BD8-885F-EF9B43A33E49}"
EndProject
Project("{8BC9CEB8-8B4A-11D0-8D11-00A0C91BC942}") = "practice02-4[C++의 표준함수 호출]", "practice02-4[C++의 표준함수 호출]\practice02-4[C++의 표준함수 호출].vcxproj", "{80D4439B-7A6A-442D-AD30-7517EC1A1B22}"
EndProject
Global
	GlobalSection(SolutionConfigurationPlatforms) = preSolution
		Debug|x64 = Debug|x64
		Debug|x86 = Debug|x86
		Release|x64 = Release|x64
		Release|x86 = Release|x86
	EndGlobalSection
	GlobalSection(ProjectConfigurationPlatforms) = postSolution
		{C3683326-8276-4DF9-AFBD-451ED00A71A8}.Debug|x64.ActiveCfg = Debug|x64
		{C3683326-8276-4DF9-AFBD-451ED00A71A8}.Debug|x64.Build.0 = Debug|x64
		{C3683326-8276-4DF9-AFBD-451ED00A71A8}.Debug|x86.ActiveCfg = Debug|Win32
		{C3683326-8276-4DF9-AFBD-451ED00A71A8}.Debug|x86.Build.0 = Debug|Win32
		{C3683326-8276-4DF9-AFBD-451ED00A71A8}.Release|x64.ActiveCfg = Release|x64
		{C3683326-8276-4DF9-AFBD-451ED00A71A8}.Release|x64.Build.0 = Release|x64
		{C3683326-8276-4DF9-AFBD-451ED00A71A8}.Release|x86.ActiveCfg = Release|Win32
		{C3683326-8276-4DF9-AFBD-451ED00A71A8}.Release|x86.Build.0 = Release|Win32
		{F8ED261C-97EA-4151-966C-34F5A8EF3467}.Debug|x64.ActiveCfg = Debug|x64
		{F8ED261C-97EA-4151-966C-34F5A8EF3467}.Debug|x64.Build.0 = Debug|x64
		{F8ED261C-97EA-4151-966C-34F5A8EF3467}.Debug|x86.ActiveCfg = Debug|Win32
		{F8ED261C-97EA-4151-966C-34F5A8EF3467}.Debug|x86.Build.0 = Debug|Win32
		{F8ED261C-97EA-4151-966C-34F5A8EF3467}.Release|x64.ActiveCfg = Release|x64
		{F8ED261C-97EA-4151-966C-34F5A8EF3467}.Release|x64.Build.0 = Release|x64
		{F8ED261C-97EA-4151-966C-34F5A8EF3467}.Release|x86.ActiveCfg = Release|Win32
		{F8ED261C-97EA-4151-966C-34F5A8EF3467}.Release|x86.Build.0 = Release|Win32
		{4DD90CDA-DD40-4BD8-885F-EF9B43A33E49}.Debug|x64.ActiveCfg = Debug|x64
		{4DD90CDA-DD40-4BD8-885F-EF9B43A33E49}.Debug|x64.Build.0 = Debug|x64
		{4DD90CDA-DD40-4BD8-885F-EF9B43A33E49}.Debug|x86.ActiveCfg = Debug|Win32
		{4DD90CDA-DD40-4BD8-885F-EF9B43A33E49}.Debug|x86.Build.0 = Debug|Win32
		{4DD90CDA-DD40-4BD8-885F-EF9B43A33E49}.Release|x64.ActiveCfg = Release|x64
		{4DD90CDA-DD40-4BD8-885F-EF9B43A33E49}.Release|x64.Build.0 = Release|x64
		{4DD90CDA-DD40-4BD8-885F-EF9B43A33E49}.Release|x86.ActiveCfg = Release|Win32
		{4DD90CDA-DD40-4BD8-885F-EF9B43A33E49}.Release|x86.Build.0 = Release|Win32
		{80D4439B-7A6A-442D-AD30-7517EC1A1B22}.Debug|x64.ActiveCfg = Debug|x64
		{80D4439B-7A6A-442D-AD30-7517EC1A1B22}.Debug|x64.Build.0 = Debug|x64
		{80D4439B-7A6A-442D-AD30-7517EC1A1B22}.Debug|x86.ActiveCfg = Debug|Win32
		{80D4439B-7A6A-442D-AD30-7517EC1A1B22}.Debug|x86.Build.0 = Debug|Win32
		{80D4439B-7A6A-442D-AD30-7517EC1A1B22}.Release|x64.ActiveCfg = Release|x64
		{80D4439B-7A6A-442D-AD30-7517EC1A1B22}.Release|x64.Build.0 = Release|x64
		{80D4439B-7A6A-442D-AD30-7517EC1A1B22}.Release|x86.ActiveCfg = Release|Win32
		{80D4439B-7A6A-442D-AD30-7517EC1A1B22}.Release|x86.Build.0 = Release|Win32
	EndGlobalSection
	GlobalSection(SolutionProperties) = preSolution
		HideSolutionNode = FALSE
	EndGlobalSection
	GlobalSection(ExtensibilityGlobals) = postSolution
		SolutionGuid = {5A31BA34-8EFA-4897-8387-7330472EC910}
	EndGlobalSection
EndGlobal
